
Microsoft Visual Studio Solution File, Format Version 12.00
# Visual Studio Version 17
VisualStudioVersion = 17.6.33723.286
MinimumVisualStudioVersion = 10.0.40219.1
Project("{FAE04EC0-301F-11D3-BF4B-00C04F79EFBC}") = "Assignment_1", "Assignment_1\Assignment_1.csproj", "{FC7432DB-5889-4DD8-B81F-C0919A3F6F60}"
EndProject
Global
	GlobalSection(SolutionConfigurationPlatforms) = preSolution
		Debug|Any CPU = Debug|Any CPU
		Release|Any CPU = Release|Any CPU
	EndGlobalSection
	GlobalSection(ProjectConfigurationPlatforms) = postSolution
		{FC7432DB-5889-4DD8-B81F-C0919A3F6F60}.Debug|Any CPU.ActiveCfg = Debug|Any CPU
		{FC7432DB-5889-4DD8-B81F-C0919A3F6F60}.Debug|Any CPU.Build.0 = Debug|Any CPU
		{FC7432DB-5889-4DD8-B81F-C0919A3F6F60}.Release|Any CPU.ActiveCfg = Release|Any CPU
		{FC7432DB-5889-4DD8-B81F-C0919A3F6F60}.Release|Any CPU.Build.0 = Release|Any CPU
	EndGlobalSection
	GlobalSection(SolutionProperties) = preSolution
		HideSolutionNode = FALSE
	EndGlobalSection
	GlobalSection(ExtensibilityGlobals) = postSolution
		SolutionGuid = {B186043E-F0EA-4C76-928C-56BC9789D901}
	EndGlobalSection
EndGlobal
